// !$*UTF8*$!
{
	archiveVersion = 1;
	classes = {
	};
	objectVersion = 56;
	objects = {

/* Begin PBXBuildFile section */
		20C14A30DB108D32B4FE451D /* Pods_rappiMovies.framework in Frameworks */ = {isa = PBXBuildFile; fileRef = A5AEB249A2FBF66DEAF10A78 /* Pods_rappiMovies.framework */; };
		E80B245C2900C63100658CF6 /* HomeViewController.swift in Sources */ = {isa = PBXBuildFile; fileRef = E80B245B2900C63100658CF6 /* HomeViewController.swift */; };
		E83FF64B28FF7D7B00947D60 /* AppDelegate.swift in Sources */ = {isa = PBXBuildFile; fileRef = E83FF64A28FF7D7B00947D60 /* AppDelegate.swift */; };
		E83FF64D28FF7D7B00947D60 /* SceneDelegate.swift in Sources */ = {isa = PBXBuildFile; fileRef = E83FF64C28FF7D7B00947D60 /* SceneDelegate.swift */; };
		E83FF65228FF7D7B00947D60 /* Main.storyboard in Resources */ = {isa = PBXBuildFile; fileRef = E83FF65028FF7D7B00947D60 /* Main.storyboard */; };
		E83FF65428FF7D7F00947D60 /* Assets.xcassets in Resources */ = {isa = PBXBuildFile; fileRef = E83FF65328FF7D7F00947D60 /* Assets.xcassets */; };
		E83FF65728FF7D7F00947D60 /* LaunchScreen.storyboard in Resources */ = {isa = PBXBuildFile; fileRef = E83FF65528FF7D7F00947D60 /* LaunchScreen.storyboard */; };
		E859DEFC290EF82A00AE6197 /* VideosResponse.swift in Sources */ = {isa = PBXBuildFile; fileRef = E859DEFB290EF82A00AE6197 /* VideosResponse.swift */; };
		E859DF00290F0A0900AE6197 /* RecommendedTableViewCell.swift in Sources */ = {isa = PBXBuildFile; fileRef = E859DEFE290F0A0900AE6197 /* RecommendedTableViewCell.swift */; };
		E859DF01290F0A0900AE6197 /* RecommendedTableViewCell.xib in Resources */ = {isa = PBXBuildFile; fileRef = E859DEFF290F0A0900AE6197 /* RecommendedTableViewCell.xib */; };
		E859DF03290F327400AE6197 /* GenericRoundUIButton.swift in Sources */ = {isa = PBXBuildFile; fileRef = E859DF02290F327400AE6197 /* GenericRoundUIButton.swift */; };
		E86041212904B155006241CE /* MoviesSectionTableViewCell.swift in Sources */ = {isa = PBXBuildFile; fileRef = E860411F2904B155006241CE /* MoviesSectionTableViewCell.swift */; };
		E86041222904B155006241CE /* MoviesSectionTableViewCell.xib in Resources */ = {isa = PBXBuildFile; fileRef = E86041202904B155006241CE /* MoviesSectionTableViewCell.xib */; };
		E86041242904BBF0006241CE /* MoviesSection.swift in Sources */ = {isa = PBXBuildFile; fileRef = E86041232904BBF0006241CE /* MoviesSection.swift */; };
		E86041282904E9CB006241CE /* MovieCollectionViewCell.swift in Sources */ = {isa = PBXBuildFile; fileRef = E86041262904E9CB006241CE /* MovieCollectionViewCell.swift */; };
		E86041292904E9CB006241CE /* MovieCollectionViewCell.xib in Resources */ = {isa = PBXBuildFile; fileRef = E86041272904E9CB006241CE /* MovieCollectionViewCell.xib */; };
		E860412C2905C053006241CE /* MovieDetailViewController.swift in Sources */ = {isa = PBXBuildFile; fileRef = E860412B2905C053006241CE /* MovieDetailViewController.swift */; };
		E86041302905D335006241CE /* GoToMovieDetailAnimator.swift in Sources */ = {isa = PBXBuildFile; fileRef = E860412F2905D335006241CE /* GoToMovieDetailAnimator.swift */; };
		E86041322905D343006241CE /* GoToMovieDetailSegue.swift in Sources */ = {isa = PBXBuildFile; fileRef = E86041312905D343006241CE /* GoToMovieDetailSegue.swift */; };
		E8D046C8290193D80079C15D /* MoviesResponse.swift in Sources */ = {isa = PBXBuildFile; fileRef = E8D046C7290193D80079C15D /* MoviesResponse.swift */; };
		E8D046CB290220CA0079C15D /* MoviesDAO.swift in Sources */ = {isa = PBXBuildFile; fileRef = E8D046CA290220CA0079C15D /* MoviesDAO.swift */; };
		E8D6B44B290756AC00878E63 /* UIColor+Extensions.swift in Sources */ = {isa = PBXBuildFile; fileRef = E8D6B44A290756AC00878E63 /* UIColor+Extensions.swift */; };
		E8D6B44E290759B300878E63 /* UIButton+Extensions.swift in Sources */ = {isa = PBXBuildFile; fileRef = E8D6B44D290759B300878E63 /* UIButton+Extensions.swift */; };
		E8D6B450290C8E2000878E63 /* TransparentButton.swift in Sources */ = {isa = PBXBuildFile; fileRef = E8D6B44F290C8E2000878E63 /* TransparentButton.swift */; };
		E8D6B452290DEEE200878E63 /* GenresResponse.swift in Sources */ = {isa = PBXBuildFile; fileRef = E8D6B451290DEEE200878E63 /* GenresResponse.swift */; };
		E8D6B454290E1A1A00878E63 /* VideoPlayerViewController.swift in Sources */ = {isa = PBXBuildFile; fileRef = E8D6B453290E1A1A00878E63 /* VideoPlayerViewController.swift */; };
		E8D6B456290E25E700878E63 /* BlurEffectHelper.swift in Sources */ = {isa = PBXBuildFile; fileRef = E8D6B455290E25E700878E63 /* BlurEffectHelper.swift */; };
/* End PBXBuildFile section */

/* Begin PBXFileReference section */
		568AA91AF6B11CB52B3E803A /* Pods-rappiMovies.debug.xcconfig */ = {isa = PBXFileReference; includeInIndex = 1; lastKnownFileType = text.xcconfig; name = "Pods-rappiMovies.debug.xcconfig"; path = "Target Support Files/Pods-rappiMovies/Pods-rappiMovies.debug.xcconfig"; sourceTree = "<group>"; };
		A5AEB249A2FBF66DEAF10A78 /* Pods_rappiMovies.framework */ = {isa = PBXFileReference; explicitFileType = wrapper.framework; includeInIndex = 0; path = Pods_rappiMovies.framework; sourceTree = BUILT_PRODUCTS_DIR; };
		DAA142C76C0EBA641A48B6D6 /* Pods-rappiMovies.release.xcconfig */ = {isa = PBXFileReference; includeInIndex = 1; lastKnownFileType = text.xcconfig; name = "Pods-rappiMovies.release.xcconfig"; path = "Target Support Files/Pods-rappiMovies/Pods-rappiMovies.release.xcconfig"; sourceTree = "<group>"; };
		E80B245B2900C63100658CF6 /* HomeViewController.swift */ = {isa = PBXFileReference; lastKnownFileType = sourcecode.swift; path = HomeViewController.swift; sourceTree = "<group>"; };
		E83FF64728FF7D7B00947D60 /* rappiMovies.app */ = {isa = PBXFileReference; explicitFileType = wrapper.application; includeInIndex = 0; path = rappiMovies.app; sourceTree = BUILT_PRODUCTS_DIR; };
		E83FF64A28FF7D7B00947D60 /* AppDelegate.swift */ = {isa = PBXFileReference; lastKnownFileType = sourcecode.swift; path = AppDelegate.swift; sourceTree = "<group>"; };
		E83FF64C28FF7D7B00947D60 /* SceneDelegate.swift */ = {isa = PBXFileReference; lastKnownFileType = sourcecode.swift; path = SceneDelegate.swift; sourceTree = "<group>"; };
		E83FF65128FF7D7B00947D60 /* Base */ = {isa = PBXFileReference; lastKnownFileType = file.storyboard; name = Base; path = Base.lproj/Main.storyboard; sourceTree = "<group>"; };
		E83FF65328FF7D7F00947D60 /* Assets.xcassets */ = {isa = PBXFileReference; lastKnownFileType = folder.assetcatalog; path = Assets.xcassets; sourceTree = "<group>"; };
		E83FF65628FF7D7F00947D60 /* Base */ = {isa = PBXFileReference; lastKnownFileType = file.storyboard; name = Base; path = Base.lproj/LaunchScreen.storyboard; sourceTree = "<group>"; };
		E83FF65828FF7D7F00947D60 /* Info.plist */ = {isa = PBXFileReference; lastKnownFileType = text.plist.xml; path = Info.plist; sourceTree = "<group>"; };
		E859DEFB290EF82A00AE6197 /* VideosResponse.swift */ = {isa = PBXFileReference; lastKnownFileType = sourcecode.swift; path = VideosResponse.swift; sourceTree = "<group>"; };
		E859DEFE290F0A0900AE6197 /* RecommendedTableViewCell.swift */ = {isa = PBXFileReference; lastKnownFileType = sourcecode.swift; path = RecommendedTableViewCell.swift; sourceTree = "<group>"; };
		E859DEFF290F0A0900AE6197 /* RecommendedTableViewCell.xib */ = {isa = PBXFileReference; lastKnownFileType = file.xib; path = RecommendedTableViewCell.xib; sourceTree = "<group>"; };
		E859DF02290F327400AE6197 /* GenericRoundUIButton.swift */ = {isa = PBXFileReference; lastKnownFileType = sourcecode.swift; path = GenericRoundUIButton.swift; sourceTree = "<group>"; };
		E860411F2904B155006241CE /* MoviesSectionTableViewCell.swift */ = {isa = PBXFileReference; lastKnownFileType = sourcecode.swift; path = MoviesSectionTableViewCell.swift; sourceTree = "<group>"; };
		E86041202904B155006241CE /* MoviesSectionTableViewCell.xib */ = {isa = PBXFileReference; lastKnownFileType = file.xib; path = MoviesSectionTableViewCell.xib; sourceTree = "<group>"; };
		E86041232904BBF0006241CE /* MoviesSection.swift */ = {isa = PBXFileReference; lastKnownFileType = sourcecode.swift; path = MoviesSection.swift; sourceTree = "<group>"; };
		E86041262904E9CB006241CE /* MovieCollectionViewCell.swift */ = {isa = PBXFileReference; lastKnownFileType = sourcecode.swift; path = MovieCollectionViewCell.swift; sourceTree = "<group>"; };
		E86041272904E9CB006241CE /* MovieCollectionViewCell.xib */ = {isa = PBXFileReference; lastKnownFileType = file.xib; path = MovieCollectionViewCell.xib; sourceTree = "<group>"; };
		E860412B2905C053006241CE /* MovieDetailViewController.swift */ = {isa = PBXFileReference; lastKnownFileType = sourcecode.swift; path = MovieDetailViewController.swift; sourceTree = "<group>"; };
		E860412F2905D335006241CE /* GoToMovieDetailAnimator.swift */ = {isa = PBXFileReference; lastKnownFileType = sourcecode.swift; path = GoToMovieDetailAnimator.swift; sourceTree = "<group>"; };
		E86041312905D343006241CE /* GoToMovieDetailSegue.swift */ = {isa = PBXFileReference; lastKnownFileType = sourcecode.swift; path = GoToMovieDetailSegue.swift; sourceTree = "<group>"; };
		E8D046C7290193D80079C15D /* MoviesResponse.swift */ = {isa = PBXFileReference; lastKnownFileType = sourcecode.swift; path = MoviesResponse.swift; sourceTree = "<group>"; };
		E8D046CA290220CA0079C15D /* MoviesDAO.swift */ = {isa = PBXFileReference; lastKnownFileType = sourcecode.swift; path = MoviesDAO.swift; sourceTree = "<group>"; };
		E8D6B44A290756AC00878E63 /* UIColor+Extensions.swift */ = {isa = PBXFileReference; lastKnownFileType = sourcecode.swift; path = "UIColor+Extensions.swift"; sourceTree = "<group>"; };
		E8D6B44D290759B300878E63 /* UIButton+Extensions.swift */ = {isa = PBXFileReference; lastKnownFileType = sourcecode.swift; path = "UIButton+Extensions.swift"; sourceTree = "<group>"; };
		E8D6B44F290C8E2000878E63 /* TransparentButton.swift */ = {isa = PBXFileReference; lastKnownFileType = sourcecode.swift; path = TransparentButton.swift; sourceTree = "<group>"; };
		E8D6B451290DEEE200878E63 /* GenresResponse.swift */ = {isa = PBXFileReference; lastKnownFileType = sourcecode.swift; path = GenresResponse.swift; sourceTree = "<group>"; };
		E8D6B453290E1A1A00878E63 /* VideoPlayerViewController.swift */ = {isa = PBXFileReference; lastKnownFileType = sourcecode.swift; path = VideoPlayerViewController.swift; sourceTree = "<group>"; };
		E8D6B455290E25E700878E63 /* BlurEffectHelper.swift */ = {isa = PBXFileReference; lastKnownFileType = sourcecode.swift; path = BlurEffectHelper.swift; sourceTree = "<group>"; };
/* End PBXFileReference section */

/* Begin PBXFrameworksBuildPhase section */
		E83FF64428FF7D7B00947D60 /* Frameworks */ = {
			isa = PBXFrameworksBuildPhase;
			buildActionMask = 2147483647;
			files = (
				20C14A30DB108D32B4FE451D /* Pods_rappiMovies.framework in Frameworks */,
			);
			runOnlyForDeploymentPostprocessing = 0;
		};
/* End PBXFrameworksBuildPhase section */

/* Begin PBXGroup section */
		39BF57AB75074437237D61D7 /* Pods */ = {
			isa = PBXGroup;
			children = (
				568AA91AF6B11CB52B3E803A /* Pods-rappiMovies.debug.xcconfig */,
				DAA142C76C0EBA641A48B6D6 /* Pods-rappiMovies.release.xcconfig */,
			);
			path = Pods;
			sourceTree = "<group>";
		};
		7CC692E8AA2E6ADD0E234D83 /* Frameworks */ = {
			isa = PBXGroup;
			children = (
				A5AEB249A2FBF66DEAF10A78 /* Pods_rappiMovies.framework */,
			);
			name = Frameworks;
			sourceTree = "<group>";
		};
		E80B245D2900C63600658CF6 /* View */ = {
			isa = PBXGroup;
			children = (
				E860411D2904B070006241CE /* xib */,
				E80B24602900C66A00658CF6 /* ViewControllers */,
				E80B245F2900C66100658CF6 /* Storyboard */,
			);
			path = View;
			sourceTree = "<group>";
		};
		E80B245F2900C66100658CF6 /* Storyboard */ = {
			isa = PBXGroup;
			children = (
				E83FF65028FF7D7B00947D60 /* Main.storyboard */,
			);
			path = Storyboard;
			sourceTree = "<group>";
		};
		E80B24602900C66A00658CF6 /* ViewControllers */ = {
			isa = PBXGroup;
			children = (
				E80B245B2900C63100658CF6 /* HomeViewController.swift */,
				E860412B2905C053006241CE /* MovieDetailViewController.swift */,
				E8D6B453290E1A1A00878E63 /* VideoPlayerViewController.swift */,
			);
			path = ViewControllers;
			sourceTree = "<group>";
		};
		E83FF63E28FF7D7B00947D60 = {
			isa = PBXGroup;
			children = (
				E83FF64928FF7D7B00947D60 /* rappiMovies */,
				E83FF64828FF7D7B00947D60 /* Products */,
				39BF57AB75074437237D61D7 /* Pods */,
				7CC692E8AA2E6ADD0E234D83 /* Frameworks */,
			);
			sourceTree = "<group>";
		};
		E83FF64828FF7D7B00947D60 /* Products */ = {
			isa = PBXGroup;
			children = (
				E83FF64728FF7D7B00947D60 /* rappiMovies.app */,
			);
			name = Products;
			sourceTree = "<group>";
		};
		E83FF64928FF7D7B00947D60 /* rappiMovies */ = {
			isa = PBXGroup;
			children = (
				E8D046C92902202B0079C15D /* DAO */,
				E8D046C5290192C70079C15D /* Model */,
				E80B245D2900C63600658CF6 /* View */,
				E860412D2905D196006241CE /* Resources */,
				E83FF64A28FF7D7B00947D60 /* AppDelegate.swift */,
				E83FF64C28FF7D7B00947D60 /* SceneDelegate.swift */,
				E83FF65328FF7D7F00947D60 /* Assets.xcassets */,
				E83FF65528FF7D7F00947D60 /* LaunchScreen.storyboard */,
				E83FF65828FF7D7F00947D60 /* Info.plist */,
			);
			path = rappiMovies;
			sourceTree = "<group>";
		};
		E859DEFD290F095800AE6197 /* RecommendedSection */ = {
			isa = PBXGroup;
			children = (
				E859DEFE290F0A0900AE6197 /* RecommendedTableViewCell.swift */,
				E859DEFF290F0A0900AE6197 /* RecommendedTableViewCell.xib */,
			);
			path = RecommendedSection;
			sourceTree = "<group>";
		};
		E860411D2904B070006241CE /* xib */ = {
			isa = PBXGroup;
			children = (
				E859DEFD290F095800AE6197 /* RecommendedSection */,
				E860412A2905A230006241CE /* Movie */,
				E86041252904E952006241CE /* MoviesSection */,
			);
			path = xib;
			sourceTree = "<group>";
		};
		E86041252904E952006241CE /* MoviesSection */ = {
			isa = PBXGroup;
			children = (
				E860411F2904B155006241CE /* MoviesSectionTableViewCell.swift */,
				E86041202904B155006241CE /* MoviesSectionTableViewCell.xib */,
			);
			path = MoviesSection;
			sourceTree = "<group>";
		};
		E860412A2905A230006241CE /* Movie */ = {
			isa = PBXGroup;
			children = (
				E86041262904E9CB006241CE /* MovieCollectionViewCell.swift */,
				E86041272904E9CB006241CE /* MovieCollectionViewCell.xib */,
			);
			path = Movie;
			sourceTree = "<group>";
		};
		E860412D2905D196006241CE /* Resources */ = {
			isa = PBXGroup;
			children = (
				E8D6B44C2907590B00878E63 /* CustomUIElements */,
				E8D6B4492907569D00878E63 /* Extensions */,
				E860412E2905D1B9006241CE /* Helpers */,
			);
			path = Resources;
			sourceTree = "<group>";
		};
		E860412E2905D1B9006241CE /* Helpers */ = {
			isa = PBXGroup;
			children = (
				E860412F2905D335006241CE /* GoToMovieDetailAnimator.swift */,
				E86041312905D343006241CE /* GoToMovieDetailSegue.swift */,
				E8D6B455290E25E700878E63 /* BlurEffectHelper.swift */,
			);
			path = Helpers;
			sourceTree = "<group>";
		};
		E8D046C5290192C70079C15D /* Model */ = {
			isa = PBXGroup;
			children = (
				E8D046C62901936B0079C15D /* Responses */,
				E86041232904BBF0006241CE /* MoviesSection.swift */,
			);
			path = Model;
			sourceTree = "<group>";
		};
		E8D046C62901936B0079C15D /* Responses */ = {
			isa = PBXGroup;
			children = (
				E8D046C7290193D80079C15D /* MoviesResponse.swift */,
				E8D6B451290DEEE200878E63 /* GenresResponse.swift */,
				E859DEFB290EF82A00AE6197 /* VideosResponse.swift */,
			);
			path = Responses;
			sourceTree = "<group>";
		};
		E8D046C92902202B0079C15D /* DAO */ = {
			isa = PBXGroup;
			children = (
				E8D046CA290220CA0079C15D /* MoviesDAO.swift */,
			);
			path = DAO;
			sourceTree = "<group>";
		};
		E8D6B4492907569D00878E63 /* Extensions */ = {
			isa = PBXGroup;
			children = (
				E8D6B44A290756AC00878E63 /* UIColor+Extensions.swift */,
				E8D6B44D290759B300878E63 /* UIButton+Extensions.swift */,
			);
			path = Extensions;
			sourceTree = "<group>";
		};
		E8D6B44C2907590B00878E63 /* CustomUIElements */ = {
			isa = PBXGroup;
			children = (
				E8D6B44F290C8E2000878E63 /* TransparentButton.swift */,
				E859DF02290F327400AE6197 /* GenericRoundUIButton.swift */,
			);
			path = CustomUIElements;
			sourceTree = "<group>";
		};
/* End PBXGroup section */

/* Begin PBXNativeTarget section */
		E83FF64628FF7D7B00947D60 /* rappiMovies */ = {
			isa = PBXNativeTarget;
			buildConfigurationList = E83FF65B28FF7D7F00947D60 /* Build configuration list for PBXNativeTarget "rappiMovies" */;
			buildPhases = (
				C4C18F74E7E815F1E7BBDC03 /* [CP] Check Pods Manifest.lock */,
				E83FF64328FF7D7B00947D60 /* Sources */,
				E83FF64428FF7D7B00947D60 /* Frameworks */,
				E83FF64528FF7D7B00947D60 /* Resources */,
				FAE0D1DAE881D26BB89E678D /* [CP] Embed Pods Frameworks */,
			);
			buildRules = (
			);
			dependencies = (
			);
			name = rappiMovies;
			productName = rappiMovies;
			productReference = E83FF64728FF7D7B00947D60 /* rappiMovies.app */;
			productType = "com.apple.product-type.application";
		};
/* End PBXNativeTarget section */

/* Begin PBXProject section */
		E83FF63F28FF7D7B00947D60 /* Project object */ = {
			isa = PBXProject;
			attributes = {
				BuildIndependentTargetsInParallel = 1;
				LastSwiftUpdateCheck = 1400;
				LastUpgradeCheck = 1400;
				TargetAttributes = {
					E83FF64628FF7D7B00947D60 = {
						CreatedOnToolsVersion = 14.0.1;
					};
				};
			};
			buildConfigurationList = E83FF64228FF7D7B00947D60 /* Build configuration list for PBXProject "rappiMovies" */;
			compatibilityVersion = "Xcode 14.0";
			developmentRegion = en;
			hasScannedForEncodings = 0;
			knownRegions = (
				en,
				Base,
			);
			mainGroup = E83FF63E28FF7D7B00947D60;
			productRefGroup = E83FF64828FF7D7B00947D60 /* Products */;
			projectDirPath = "";
			projectRoot = "";
			targets = (
				E83FF64628FF7D7B00947D60 /* rappiMovies */,
			);
		};
/* End PBXProject section */

/* Begin PBXResourcesBuildPhase section */
		E83FF64528FF7D7B00947D60 /* Resources */ = {
			isa = PBXResourcesBuildPhase;
			buildActionMask = 2147483647;
			files = (
				E86041292904E9CB006241CE /* MovieCollectionViewCell.xib in Resources */,
				E859DF01290F0A0900AE6197 /* RecommendedTableViewCell.xib in Resources */,
				E83FF65728FF7D7F00947D60 /* LaunchScreen.storyboard in Resources */,
				E83FF65428FF7D7F00947D60 /* Assets.xcassets in Resources */,
				E86041222904B155006241CE /* MoviesSectionTableViewCell.xib in Resources */,
				E83FF65228FF7D7B00947D60 /* Main.storyboard in Resources */,
			);
			runOnlyForDeploymentPostprocessing = 0;
		};
/* End PBXResourcesBuildPhase section */

/* Begin PBXShellScriptBuildPhase section */
		C4C18F74E7E815F1E7BBDC03 /* [CP] Check Pods Manifest.lock */ = {
			isa = PBXShellScriptBuildPhase;
			buildActionMask = 2147483647;
			files = (
			);
			inputFileListPaths = (
			);
			inputPaths = (
				"${PODS_PODFILE_DIR_PATH}/Podfile.lock",
				"${PODS_ROOT}/Manifest.lock",
			);
			name = "[CP] Check Pods Manifest.lock";
			outputFileListPaths = (
			);
			outputPaths = (
				"$(DERIVED_FILE_DIR)/Pods-rappiMovies-checkManifestLockResult.txt",
			);
			runOnlyForDeploymentPostprocessing = 0;
			shellPath = /bin/sh;
			shellScript = "diff \"${PODS_PODFILE_DIR_PATH}/Podfile.lock\" \"${PODS_ROOT}/Manifest.lock\" > /dev/null\nif [ $? != 0 ] ; then\n    # print error to STDERR\n    echo \"error: The sandbox is not in sync with the Podfile.lock. Run 'pod install' or update your CocoaPods installation.\" >&2\n    exit 1\nfi\n# This output is used by Xcode 'outputs' to avoid re-running this script phase.\necho \"SUCCESS\" > \"${SCRIPT_OUTPUT_FILE_0}\"\n";
			showEnvVarsInLog = 0;
		};
		FAE0D1DAE881D26BB89E678D /* [CP] Embed Pods Frameworks */ = {
			isa = PBXShellScriptBuildPhase;
			buildActionMask = 2147483647;
			files = (
			);
			inputFileListPaths = (
				"${PODS_ROOT}/Target Support Files/Pods-rappiMovies/Pods-rappiMovies-frameworks-${CONFIGURATION}-input-files.xcfilelist",
			);
			name = "[CP] Embed Pods Frameworks";
			outputFileListPaths = (
				"${PODS_ROOT}/Target Support Files/Pods-rappiMovies/Pods-rappiMovies-frameworks-${CONFIGURATION}-output-files.xcfilelist",
			);
			runOnlyForDeploymentPostprocessing = 0;
			shellPath = /bin/sh;
			shellScript = "\"${PODS_ROOT}/Target Support Files/Pods-rappiMovies/Pods-rappiMovies-frameworks.sh\"\n";
			showEnvVarsInLog = 0;
		};
/* End PBXShellScriptBuildPhase section */

/* Begin PBXSourcesBuildPhase section */
		E83FF64328FF7D7B00947D60 /* Sources */ = {
			isa = PBXSourcesBuildPhase;
			buildActionMask = 2147483647;
			files = (
				E859DEFC290EF82A00AE6197 /* VideosResponse.swift in Sources */,
				E83FF64B28FF7D7B00947D60 /* AppDelegate.swift in Sources */,
				E86041212904B155006241CE /* MoviesSectionTableViewCell.swift in Sources */,
				E8D6B450290C8E2000878E63 /* TransparentButton.swift in Sources */,
				E83FF64D28FF7D7B00947D60 /* SceneDelegate.swift in Sources */,
				E8D046C8290193D80079C15D /* MoviesResponse.swift in Sources */,
				E80B245C2900C63100658CF6 /* HomeViewController.swift in Sources */,
				E86041302905D335006241CE /* GoToMovieDetailAnimator.swift in Sources */,
				E86041242904BBF0006241CE /* MoviesSection.swift in Sources */,
				E8D6B44B290756AC00878E63 /* UIColor+Extensions.swift in Sources */,
				E859DF00290F0A0900AE6197 /* RecommendedTableViewCell.swift in Sources */,
				E8D046CB290220CA0079C15D /* MoviesDAO.swift in Sources */,
				E859DF03290F327400AE6197 /* GenericRoundUIButton.swift in Sources */,
				E86041322905D343006241CE /* GoToMovieDetailSegue.swift in Sources */,
				E860412C2905C053006241CE /* MovieDetailViewController.swift in Sources */,
				E8D6B452290DEEE200878E63 /* GenresResponse.swift in Sources */,
				E8D6B456290E25E700878E63 /* BlurEffectHelper.swift in Sources */,
				E8D6B454290E1A1A00878E63 /* VideoPlayerViewController.swift in Sources */,
				E86041282904E9CB006241CE /* MovieCollectionViewCell.swift in Sources */,
				E8D6B44E290759B300878E63 /* UIButton+Extensions.swift in Sources */,
			);
			runOnlyForDeploymentPostprocessing = 0;
		};
/* End PBXSourcesBuildPhase section */

/* Begin PBXVariantGroup section */
		E83FF65028FF7D7B00947D60 /* Main.storyboard */ = {
			isa = PBXVariantGroup;
			children = (
				E83FF65128FF7D7B00947D60 /* Base */,
			);
			name = Main.storyboard;
			sourceTree = "<group>";
		};
		E83FF65528FF7D7F00947D60 /* LaunchScreen.storyboard */ = {
			isa = PBXVariantGroup;
			children = (
				E83FF65628FF7D7F00947D60 /* Base */,
			);
			name = LaunchScreen.storyboard;
			sourceTree = "<group>";
		};
/* End PBXVariantGroup section */

/* Begin XCBuildConfiguration section */
		E83FF65928FF7D7F00947D60 /* Debug */ = {
			isa = XCBuildConfiguration;
			buildSettings = {
				ALWAYS_SEARCH_USER_PATHS = NO;
				CLANG_ANALYZER_NONNULL = YES;
				CLANG_ANALYZER_NUMBER_OBJECT_CONVERSION = YES_AGGRESSIVE;
				CLANG_CXX_LANGUAGE_STANDARD = "gnu++20";
				CLANG_ENABLE_MODULES = YES;
				CLANG_ENABLE_OBJC_ARC = YES;
				CLANG_ENABLE_OBJC_WEAK = YES;
				CLANG_WARN_BLOCK_CAPTURE_AUTORELEASING = YES;
				CLANG_WARN_BOOL_CONVERSION = YES;
				CLANG_WARN_COMMA = YES;
				CLANG_WARN_CONSTANT_CONVERSION = YES;
				CLANG_WARN_DEPRECATED_OBJC_IMPLEMENTATIONS = YES;
				CLANG_WARN_DIRECT_OBJC_ISA_USAGE = YES_ERROR;
				CLANG_WARN_DOCUMENTATION_COMMENTS = YES;
				CLANG_WARN_EMPTY_BODY = YES;
				CLANG_WARN_ENUM_CONVERSION = YES;
				CLANG_WARN_INFINITE_RECURSION = YES;
				CLANG_WARN_INT_CONVERSION = YES;
				CLANG_WARN_NON_LITERAL_NULL_CONVERSION = YES;
				CLANG_WARN_OBJC_IMPLICIT_RETAIN_SELF = YES;
				CLANG_WARN_OBJC_LITERAL_CONVERSION = YES;
				CLANG_WARN_OBJC_ROOT_CLASS = YES_ERROR;
				CLANG_WARN_QUOTED_INCLUDE_IN_FRAMEWORK_HEADER = YES;
				CLANG_WARN_RANGE_LOOP_ANALYSIS = YES;
				CLANG_WARN_STRICT_PROTOTYPES = YES;
				CLANG_WARN_SUSPICIOUS_MOVE = YES;
				CLANG_WARN_UNGUARDED_AVAILABILITY = YES_AGGRESSIVE;
				CLANG_WARN_UNREACHABLE_CODE = YES;
				CLANG_WARN__DUPLICATE_METHOD_MATCH = YES;
				COPY_PHASE_STRIP = NO;
				DEBUG_INFORMATION_FORMAT = dwarf;
				ENABLE_STRICT_OBJC_MSGSEND = YES;
				ENABLE_TESTABILITY = YES;
				GCC_C_LANGUAGE_STANDARD = gnu11;
				GCC_DYNAMIC_NO_PIC = NO;
				GCC_NO_COMMON_BLOCKS = YES;
				GCC_OPTIMIZATION_LEVEL = 0;
				GCC_PREPROCESSOR_DEFINITIONS = (
					"DEBUG=1",
					"$(inherited)",
				);
				GCC_WARN_64_TO_32_BIT_CONVERSION = YES;
				GCC_WARN_ABOUT_RETURN_TYPE = YES_ERROR;
				GCC_WARN_UNDECLARED_SELECTOR = YES;
				GCC_WARN_UNINITIALIZED_AUTOS = YES_AGGRESSIVE;
				GCC_WARN_UNUSED_FUNCTION = YES;
				GCC_WARN_UNUSED_VARIABLE = YES;
				IPHONEOS_DEPLOYMENT_TARGET = 16.0;
				MTL_ENABLE_DEBUG_INFO = INCLUDE_SOURCE;
				MTL_FAST_MATH = YES;
				ONLY_ACTIVE_ARCH = YES;
				SDKROOT = iphoneos;
				SWIFT_ACTIVE_COMPILATION_CONDITIONS = DEBUG;
				SWIFT_OPTIMIZATION_LEVEL = "-Onone";
			};
			name = Debug;
		};
		E83FF65A28FF7D7F00947D60 /* Release */ = {
			isa = XCBuildConfiguration;
			buildSettings = {
				ALWAYS_SEARCH_USER_PATHS = NO;
				CLANG_ANALYZER_NONNULL = YES;
				CLANG_ANALYZER_NUMBER_OBJECT_CONVERSION = YES_AGGRESSIVE;
				CLANG_CXX_LANGUAGE_STANDARD = "gnu++20";
				CLANG_ENABLE_MODULES = YES;
				CLANG_ENABLE_OBJC_ARC = YES;
				CLANG_ENABLE_OBJC_WEAK = YES;
				CLANG_WARN_BLOCK_CAPTURE_AUTORELEASING = YES;
				CLANG_WARN_BOOL_CONVERSION = YES;
				CLANG_WARN_COMMA = YES;
				CLANG_WARN_CONSTANT_CONVERSION = YES;
				CLANG_WARN_DEPRECATED_OBJC_IMPLEMENTATIONS = YES;
				CLANG_WARN_DIRECT_OBJC_ISA_USAGE = YES_ERROR;
				CLANG_WARN_DOCUMENTATION_COMMENTS = YES;
				CLANG_WARN_EMPTY_BODY = YES;
				CLANG_WARN_ENUM_CONVERSION = YES;
				CLANG_WARN_INFINITE_RECURSION = YES;
				CLANG_WARN_INT_CONVERSION = YES;
				CLANG_WARN_NON_LITERAL_NULL_CONVERSION = YES;
				CLANG_WARN_OBJC_IMPLICIT_RETAIN_SELF = YES;
				CLANG_WARN_OBJC_LITERAL_CONVERSION = YES;
				CLANG_WARN_OBJC_ROOT_CLASS = YES_ERROR;
				CLANG_WARN_QUOTED_INCLUDE_IN_FRAMEWORK_HEADER = YES;
				CLANG_WARN_RANGE_LOOP_ANALYSIS = YES;
				CLANG_WARN_STRICT_PROTOTYPES = YES;
				CLANG_WARN_SUSPICIOUS_MOVE = YES;
				CLANG_WARN_UNGUARDED_AVAILABILITY = YES_AGGRESSIVE;
				CLANG_WARN_UNREACHABLE_CODE = YES;
				CLANG_WARN__DUPLICATE_METHOD_MATCH = YES;
				COPY_PHASE_STRIP = NO;
				DEBUG_INFORMATION_FORMAT = "dwarf-with-dsym";
				ENABLE_NS_ASSERTIONS = NO;
				ENABLE_STRICT_OBJC_MSGSEND = YES;
				GCC_C_LANGUAGE_STANDARD = gnu11;
				GCC_NO_COMMON_BLOCKS = YES;
				GCC_WARN_64_TO_32_BIT_CONVERSION = YES;
				GCC_WARN_ABOUT_RETURN_TYPE = YES_ERROR;
				GCC_WARN_UNDECLARED_SELECTOR = YES;
				GCC_WARN_UNINITIALIZED_AUTOS = YES_AGGRESSIVE;
				GCC_WARN_UNUSED_FUNCTION = YES;
				GCC_WARN_UNUSED_VARIABLE = YES;
				IPHONEOS_DEPLOYMENT_TARGET = 16.0;
				MTL_ENABLE_DEBUG_INFO = NO;
				MTL_FAST_MATH = YES;
				SDKROOT = iphoneos;
				SWIFT_COMPILATION_MODE = wholemodule;
				SWIFT_OPTIMIZATION_LEVEL = "-O";
				VALIDATE_PRODUCT = YES;
			};
			name = Release;
		};
		E83FF65C28FF7D7F00947D60 /* Debug */ = {
			isa = XCBuildConfiguration;
			baseConfigurationReference = 568AA91AF6B11CB52B3E803A /* Pods-rappiMovies.debug.xcconfig */;
			buildSettings = {
				API_KEY = 1c0abdf75dfbeca54b91c2181b410f4c;
				ASSETCATALOG_COMPILER_APPICON_NAME = AppIcon;
				ASSETCATALOG_COMPILER_GLOBAL_ACCENT_COLOR_NAME = AccentColor;
				CODE_SIGN_STYLE = Automatic;
				CURRENT_PROJECT_VERSION = 1;
				GENERATE_INFOPLIST_FILE = YES;
				INFOPLIST_FILE = rappiMovies/Info.plist;
				INFOPLIST_KEY_UIApplicationSupportsIndirectInputEvents = YES;
				INFOPLIST_KEY_UILaunchStoryboardName = LaunchScreen;
				INFOPLIST_KEY_UIMainStoryboardFile = Main;
				INFOPLIST_KEY_UIStatusBarStyle = "";
				INFOPLIST_KEY_UISupportedInterfaceOrientations = UIInterfaceOrientationPortrait;
				IPHONEOS_DEPLOYMENT_TARGET = 13.0;
				LD_RUNPATH_SEARCH_PATHS = (
					"$(inherited)",
					"@executable_path/Frameworks",
				);
				MARKETING_VERSION = 1.0;
				PRODUCT_BUNDLE_IDENTIFIER = ar.com.fermartinotti.rappiMovies;
				PRODUCT_NAME = "$(TARGET_NAME)";
				SWIFT_EMIT_LOC_STRINGS = YES;
				SWIFT_VERSION = 5.0;
				TARGETED_DEVICE_FAMILY = "1,2";
			};
			name = Debug;
		};
		E83FF65D28FF7D7F00947D60 /* Release */ = {
			isa = XCBuildConfiguration;
			baseConfigurationReference = DAA142C76C0EBA641A48B6D6 /* Pods-rappiMovies.release.xcconfig */;
			buildSettings = {
				API_KEY = 1c0abdf75dfbeca54b91c2181b410f4c;
				ASSETCATALOG_COMPILER_APPICON_NAME = AppIcon;
				ASSETCATALOG_COMPILER_GLOBAL_ACCENT_COLOR_NAME = AccentColor;
				CODE_SIGN_STYLE = Automatic;
				CURRENT_PROJECT_VERSION = 1;
				GENERATE_INFOPLIST_FILE = YES;
				INFOPLIST_FILE = rappiMovies/Info.plist;
				INFOPLIST_KEY_UIApplicationSupportsIndirectInputEvents = YES;
				INFOPLIST_KEY_UILaunchStoryboardName = LaunchScreen;
				INFOPLIST_KEY_UIMainStoryboardFile = Main;
				INFOPLIST_KEY_UIStatusBarStyle = "";
				INFOPLIST_KEY_UISupportedInterfaceOrientations = UIInterfaceOrientationPortrait;
				IPHONEOS_DEPLOYMENT_TARGET = 13.0;
				LD_RUNPATH_SEARCH_PATHS = (
					"$(inherited)",
					"@executable_path/Frameworks",
				);
				MARKETING_VERSION = 1.0;
				PRODUCT_BUNDLE_IDENTIFIER = ar.com.fermartinotti.rappiMovies;
				PRODUCT_NAME = "$(TARGET_NAME)";
				SWIFT_EMIT_LOC_STRINGS = YES;
				SWIFT_VERSION = 5.0;
				TARGETED_DEVICE_FAMILY = "1,2";
			};
			name = Release;
		};
/* End XCBuildConfiguration section */

/* Begin XCConfigurationList section */
		E83FF64228FF7D7B00947D60 /* Build configuration list for PBXProject "rappiMovies" */ = {
			isa = XCConfigurationList;
			buildConfigurations = (
				E83FF65928FF7D7F00947D60 /* Debug */,
				E83FF65A28FF7D7F00947D60 /* Release */,
			);
			defaultConfigurationIsVisible = 0;
			defaultConfigurationName = Release;
		};
		E83FF65B28FF7D7F00947D60 /* Build configuration list for PBXNativeTarget "rappiMovies" */ = {
			isa = XCConfigurationList;
			buildConfigurations = (
				E83FF65C28FF7D7F00947D60 /* Debug */,
				E83FF65D28FF7D7F00947D60 /* Release */,
			);
			defaultConfigurationIsVisible = 0;
			defaultConfigurationName = Release;
		};
/* End XCConfigurationList section */
	};
	rootObject = E83FF63F28FF7D7B00947D60 /* Project object */;
}
